
Microsoft Visual Studio Solution File, Format Version 12.00
Project("{2150E333-8FDC-42A3-9474-1A3956D46DE8}") = "SportsAgentsAuthService", "SportsAgentsAuthService", "{D6DBCD7F-D60B-44EC-8A31-9F164B22610E}"
EndProject
Project("{2150E333-8FDC-42A3-9474-1A3956D46DE8}") = "SportsAgentsUserService", "SportsAgentsUserService", "{46EAE656-6AC4-4038-93B2-C0F2473C4E32}"
EndProject
Project("{FAE04EC0-301F-11D3-BF4B-00C04F79EFBC}") = "SportsAgentsUserService.Api", "SportsAgentsUserService.Api\SportsAgentsUserService.Api.csproj", "{879D58CA-F4EF-4208-843D-4362908FF3E7}"
EndProject
Project("{FAE04EC0-301F-11D3-BF4B-00C04F79EFBC}") = "SportsAgentsUserService.Application", "SportsAgentsUserService.Application\SportsAgentsUserService.Application.csproj", "{A7FC4CF6-94FA-4ACB-8A86-3A5E86F2D15B}"
EndProject
Project("{FAE04EC0-301F-11D3-BF4B-00C04F79EFBC}") = "SportsAgentsUserService.Domain", "SportsAgentsUserService.Domain\SportsAgentsUserService.Domain.csproj", "{B9B0950B-A9DD-4C55-AB1E-50CACEDD330C}"
EndProject
Project("{FAE04EC0-301F-11D3-BF4B-00C04F79EFBC}") = "SportsAgentsUserService.Infrastructure", "SportsAgentsUserService.Infrastructure\SportsAgentsUserService.Infrastructure.csproj", "{FB05539A-662D-4B99-891E-096CB907F1F6}"
EndProject
Project("{2150E333-8FDC-42A3-9474-1A3956D46DE8}") = "SportsAgentsContactService", "SportsAgentsContactService", "{B8C0FFFD-C86F-4467-A0B0-36732DB7C3B5}"
EndProject
Project("{FAE04EC0-301F-11D3-BF4B-00C04F79EFBC}") = "SportsAgentsContactService.Application", "SportsAgentsContactService.Application\SportsAgentsContactService.Application.csproj", "{ECAF26FC-44A2-4D3C-AE76-CA8F5A667F8E}"
EndProject
Project("{FAE04EC0-301F-11D3-BF4B-00C04F79EFBC}") = "SportsAgentsContactService.Infrastructure", "SportsAgentsContactService.Infrastructure\SportsAgentsContactService.Infrastructure.csproj", "{7B5102CA-7358-4D50-9694-C771A5C48439}"
EndProject
Project("{FAE04EC0-301F-11D3-BF4B-00C04F79EFBC}") = "SportsAgentsContactService.Domain", "SportsAgentsContactService.Domain\SportsAgentsContactService.Domain.csproj", "{4288123B-9F45-4B16-A1B4-F6C6D227BB2C}"
EndProject
Project("{FAE04EC0-301F-11D3-BF4B-00C04F79EFBC}") = "SportsAgentsContactService.Api", "SportsAgentsContactService.Api\SportsAgentsContactService.Api.csproj", "{33D08A20-4385-41C2-98DB-3F20E1E97C4A}"
EndProject
Project("{FAE04EC0-301F-11D3-BF4B-00C04F79EFBC}") = "SportsAgentsAuthService.Api", "SportsAgentsAuthService.Api\SportsAgentsAuthService.Api.csproj", "{EE3D181D-C224-4EE6-91B0-8C507190D1B3}"
EndProject
Project("{FAE04EC0-301F-11D3-BF4B-00C04F79EFBC}") = "SportsAgentsAuthService.Domain", "SportsAgentsAuthService.Domain\SportsAgentsAuthService.Domain.csproj", "{387107EB-BA7D-4D1D-BCB3-DBCE5347CE95}"
EndProject
Project("{FAE04EC0-301F-11D3-BF4B-00C04F79EFBC}") = "SportsAgentsAuthService.Application", "SportsAgentsAuthService.Application\SportsAgentsAuthService.Application.csproj", "{BFF4A0ED-F35A-420C-93B1-D284BFFD6FE5}"
EndProject
Project("{FAE04EC0-301F-11D3-BF4B-00C04F79EFBC}") = "SportsAgentsAuthService.Infrastructure", "SportsAgentsAuthService.Infrastructure\SportsAgentsAuthService.Infrastructure.csproj", "{531517B6-C8F5-4C4E-B81B-6516A11A5BEF}"
EndProject
Global
	GlobalSection(SolutionConfigurationPlatforms) = preSolution
		Debug|Any CPU = Debug|Any CPU
		Release|Any CPU = Release|Any CPU
	EndGlobalSection
	GlobalSection(NestedProjects) = preSolution
		{879D58CA-F4EF-4208-843D-4362908FF3E7} = {46EAE656-6AC4-4038-93B2-C0F2473C4E32}
		{A7FC4CF6-94FA-4ACB-8A86-3A5E86F2D15B} = {46EAE656-6AC4-4038-93B2-C0F2473C4E32}
		{B9B0950B-A9DD-4C55-AB1E-50CACEDD330C} = {46EAE656-6AC4-4038-93B2-C0F2473C4E32}
		{FB05539A-662D-4B99-891E-096CB907F1F6} = {46EAE656-6AC4-4038-93B2-C0F2473C4E32}
		{ECAF26FC-44A2-4D3C-AE76-CA8F5A667F8E} = {B8C0FFFD-C86F-4467-A0B0-36732DB7C3B5}
		{7B5102CA-7358-4D50-9694-C771A5C48439} = {B8C0FFFD-C86F-4467-A0B0-36732DB7C3B5}
		{4288123B-9F45-4B16-A1B4-F6C6D227BB2C} = {B8C0FFFD-C86F-4467-A0B0-36732DB7C3B5}
		{33D08A20-4385-41C2-98DB-3F20E1E97C4A} = {B8C0FFFD-C86F-4467-A0B0-36732DB7C3B5}
		{EE3D181D-C224-4EE6-91B0-8C507190D1B3} = {D6DBCD7F-D60B-44EC-8A31-9F164B22610E}
		{387107EB-BA7D-4D1D-BCB3-DBCE5347CE95} = {D6DBCD7F-D60B-44EC-8A31-9F164B22610E}
		{BFF4A0ED-F35A-420C-93B1-D284BFFD6FE5} = {D6DBCD7F-D60B-44EC-8A31-9F164B22610E}
		{531517B6-C8F5-4C4E-B81B-6516A11A5BEF} = {D6DBCD7F-D60B-44EC-8A31-9F164B22610E}
	EndGlobalSection
	GlobalSection(ProjectConfigurationPlatforms) = postSolution
		{879D58CA-F4EF-4208-843D-4362908FF3E7}.Debug|Any CPU.ActiveCfg = Debug|Any CPU
		{879D58CA-F4EF-4208-843D-4362908FF3E7}.Debug|Any CPU.Build.0 = Debug|Any CPU
		{879D58CA-F4EF-4208-843D-4362908FF3E7}.Release|Any CPU.ActiveCfg = Release|Any CPU
		{879D58CA-F4EF-4208-843D-4362908FF3E7}.Release|Any CPU.Build.0 = Release|Any CPU
		{A7FC4CF6-94FA-4ACB-8A86-3A5E86F2D15B}.Debug|Any CPU.ActiveCfg = Debug|Any CPU
		{A7FC4CF6-94FA-4ACB-8A86-3A5E86F2D15B}.Debug|Any CPU.Build.0 = Debug|Any CPU
		{A7FC4CF6-94FA-4ACB-8A86-3A5E86F2D15B}.Release|Any CPU.ActiveCfg = Release|Any CPU
		{A7FC4CF6-94FA-4ACB-8A86-3A5E86F2D15B}.Release|Any CPU.Build.0 = Release|Any CPU
		{B9B0950B-A9DD-4C55-AB1E-50CACEDD330C}.Debug|Any CPU.ActiveCfg = Debug|Any CPU
		{B9B0950B-A9DD-4C55-AB1E-50CACEDD330C}.Debug|Any CPU.Build.0 = Debug|Any CPU
		{B9B0950B-A9DD-4C55-AB1E-50CACEDD330C}.Release|Any CPU.ActiveCfg = Release|Any CPU
		{B9B0950B-A9DD-4C55-AB1E-50CACEDD330C}.Release|Any CPU.Build.0 = Release|Any CPU
		{FB05539A-662D-4B99-891E-096CB907F1F6}.Debug|Any CPU.ActiveCfg = Debug|Any CPU
		{FB05539A-662D-4B99-891E-096CB907F1F6}.Debug|Any CPU.Build.0 = Debug|Any CPU
		{FB05539A-662D-4B99-891E-096CB907F1F6}.Release|Any CPU.ActiveCfg = Release|Any CPU
		{FB05539A-662D-4B99-891E-096CB907F1F6}.Release|Any CPU.Build.0 = Release|Any CPU
		{ECAF26FC-44A2-4D3C-AE76-CA8F5A667F8E}.Debug|Any CPU.ActiveCfg = Debug|Any CPU
		{ECAF26FC-44A2-4D3C-AE76-CA8F5A667F8E}.Debug|Any CPU.Build.0 = Debug|Any CPU
		{ECAF26FC-44A2-4D3C-AE76-CA8F5A667F8E}.Release|Any CPU.ActiveCfg = Release|Any CPU
		{ECAF26FC-44A2-4D3C-AE76-CA8F5A667F8E}.Release|Any CPU.Build.0 = Release|Any CPU
		{7B5102CA-7358-4D50-9694-C771A5C48439}.Debug|Any CPU.ActiveCfg = Debug|Any CPU
		{7B5102CA-7358-4D50-9694-C771A5C48439}.Debug|Any CPU.Build.0 = Debug|Any CPU
		{7B5102CA-7358-4D50-9694-C771A5C48439}.Release|Any CPU.ActiveCfg = Release|Any CPU
		{7B5102CA-7358-4D50-9694-C771A5C48439}.Release|Any CPU.Build.0 = Release|Any CPU
		{4288123B-9F45-4B16-A1B4-F6C6D227BB2C}.Debug|Any CPU.ActiveCfg = Debug|Any CPU
		{4288123B-9F45-4B16-A1B4-F6C6D227BB2C}.Debug|Any CPU.Build.0 = Debug|Any CPU
		{4288123B-9F45-4B16-A1B4-F6C6D227BB2C}.Release|Any CPU.ActiveCfg = Release|Any CPU
		{4288123B-9F45-4B16-A1B4-F6C6D227BB2C}.Release|Any CPU.Build.0 = Release|Any CPU
		{33D08A20-4385-41C2-98DB-3F20E1E97C4A}.Debug|Any CPU.ActiveCfg = Debug|Any CPU
		{33D08A20-4385-41C2-98DB-3F20E1E97C4A}.Debug|Any CPU.Build.0 = Debug|Any CPU
		{33D08A20-4385-41C2-98DB-3F20E1E97C4A}.Release|Any CPU.ActiveCfg = Release|Any CPU
		{33D08A20-4385-41C2-98DB-3F20E1E97C4A}.Release|Any CPU.Build.0 = Release|Any CPU
		{EE3D181D-C224-4EE6-91B0-8C507190D1B3}.Debug|Any CPU.ActiveCfg = Debug|Any CPU
		{EE3D181D-C224-4EE6-91B0-8C507190D1B3}.Debug|Any CPU.Build.0 = Debug|Any CPU
		{EE3D181D-C224-4EE6-91B0-8C507190D1B3}.Release|Any CPU.ActiveCfg = Release|Any CPU
		{EE3D181D-C224-4EE6-91B0-8C507190D1B3}.Release|Any CPU.Build.0 = Release|Any CPU
		{387107EB-BA7D-4D1D-BCB3-DBCE5347CE95}.Debug|Any CPU.ActiveCfg = Debug|Any CPU
		{387107EB-BA7D-4D1D-BCB3-DBCE5347CE95}.Debug|Any CPU.Build.0 = Debug|Any CPU
		{387107EB-BA7D-4D1D-BCB3-DBCE5347CE95}.Release|Any CPU.ActiveCfg = Release|Any CPU
		{387107EB-BA7D-4D1D-BCB3-DBCE5347CE95}.Release|Any CPU.Build.0 = Release|Any CPU
		{BFF4A0ED-F35A-420C-93B1-D284BFFD6FE5}.Debug|Any CPU.ActiveCfg = Debug|Any CPU
		{BFF4A0ED-F35A-420C-93B1-D284BFFD6FE5}.Debug|Any CPU.Build.0 = Debug|Any CPU
		{BFF4A0ED-F35A-420C-93B1-D284BFFD6FE5}.Release|Any CPU.ActiveCfg = Release|Any CPU
		{BFF4A0ED-F35A-420C-93B1-D284BFFD6FE5}.Release|Any CPU.Build.0 = Release|Any CPU
		{531517B6-C8F5-4C4E-B81B-6516A11A5BEF}.Debug|Any CPU.ActiveCfg = Debug|Any CPU
		{531517B6-C8F5-4C4E-B81B-6516A11A5BEF}.Debug|Any CPU.Build.0 = Debug|Any CPU
		{531517B6-C8F5-4C4E-B81B-6516A11A5BEF}.Release|Any CPU.ActiveCfg = Release|Any CPU
		{531517B6-C8F5-4C4E-B81B-6516A11A5BEF}.Release|Any CPU.Build.0 = Release|Any CPU
	EndGlobalSection
EndGlobal
